
Microsoft Visual Studio Solution File, Format Version 12.00
# Visual Studio Version 17
VisualStudioVersion = 17.4.33110.190
MinimumVisualStudioVersion = 10.0.40219.1
Project("{FAE04EC0-301F-11D3-BF4B-00C04F79EFBC}") = "Projeto PEOO 3bi", "Projeto PEOO 3bi\Projeto PEOO 3bi.csproj", "{66590C18-B069-4409-A9D0-C40F7A54BAFB}"
EndProject
Global
	GlobalSection(SolutionConfigurationPlatforms) = preSolution
		Debug|Any CPU = Debug|Any CPU
		Release|Any CPU = Release|Any CPU
	EndGlobalSection
	GlobalSection(ProjectConfigurationPlatforms) = postSolution
		{66590C18-B069-4409-A9D0-C40F7A54BAFB}.Debug|Any CPU.ActiveCfg = Debug|Any CPU
		{66590C18-B069-4409-A9D0-C40F7A54BAFB}.Debug|Any CPU.Build.0 = Debug|Any CPU
		{66590C18-B069-4409-A9D0-C40F7A54BAFB}.Release|Any CPU.ActiveCfg = Release|Any CPU
		{66590C18-B069-4409-A9D0-C40F7A54BAFB}.Release|Any CPU.Build.0 = Release|Any CPU
	EndGlobalSection
	GlobalSection(SolutionProperties) = preSolution
		HideSolutionNode = FALSE
	EndGlobalSection
	GlobalSection(ExtensibilityGlobals) = postSolution
		SolutionGuid = {32DAF1CB-EDC7-4642-9BFE-973A422FC590}
	EndGlobalSection
EndGlobal
